
Microsoft Visual Studio Solution File, Format Version 12.00
# Visual Studio 14
VisualStudioVersion = 14.0.25420.1
MinimumVisualStudioVersion = 10.0.40219.1
Project("{151D2E53-A2C4-4D7D-83FE-D05416EBD58E}") = "DeployDataApplication", "DeployDataApplication\DeployDataApplication.deployproj", "{385046A0-0024-4FD6-B48C-7EB682F73CBD}"
EndProject
Project("{151D2E53-A2C4-4D7D-83FE-D05416EBD58E}") = "DeployDataApplication-GeoReplication", "DeployDataApplication-GeoReplication\DeployDataApplication-GeoReplication.deployproj", "{E92E4965-E4AA-44E5-81FB-16E6C42EBD88}"
EndProject
Project("{151D2E53-A2C4-4D7D-83FE-D05416EBD58E}") = "DevTestProd", "DevTestProd\DevTestProd.deployproj", "{375C09AE-2627-4BE8-8C60-F934CB285098}"
EndProject
Project("{151D2E53-A2C4-4D7D-83FE-D05416EBD58E}") = "Iaas.Decomposed", "Iaas.Decomposed\Iaas.Decomposed.deployproj", "{852BCA4D-82E6-49A7-A453-4A455757E55B}"
EndProject
Project("{2150E333-8FDC-42A3-9474-1A3956D46DE8}") = "Github", "Github", "{EFCA1039-9D1E-447E-95D8-899A5B375807}"
	ProjectSection(SolutionItems) = preProject
		README.md = README.md
	EndProjectSection
EndProject
Project("{151D2E53-A2C4-4D7D-83FE-D05416EBD58E}") = "AzureResourceManager.Samples", "AzureResourceManager.Samples\AzureResourceManager.Samples.deployproj", "{5020ED5F-983C-4C60-9454-133FAA567C66}"
EndProject
Project("{151D2E53-A2C4-4D7D-83FE-D05416EBD58E}") = "Azure.AppService.MultiRegion", "Azure.AppService.MultiRegion\Azure.AppService.MultiRegion.deployproj", "{412B5ECE-B512-4513-AFD3-545267C6E761}"
EndProject
Global
	GlobalSection(SolutionConfigurationPlatforms) = preSolution
		Debug|Any CPU = Debug|Any CPU
		Release|Any CPU = Release|Any CPU
	EndGlobalSection
	GlobalSection(ProjectConfigurationPlatforms) = postSolution
		{385046A0-0024-4FD6-B48C-7EB682F73CBD}.Debug|Any CPU.ActiveCfg = Debug|Any CPU
		{385046A0-0024-4FD6-B48C-7EB682F73CBD}.Debug|Any CPU.Build.0 = Debug|Any CPU
		{385046A0-0024-4FD6-B48C-7EB682F73CBD}.Release|Any CPU.ActiveCfg = Release|Any CPU
		{385046A0-0024-4FD6-B48C-7EB682F73CBD}.Release|Any CPU.Build.0 = Release|Any CPU
		{E92E4965-E4AA-44E5-81FB-16E6C42EBD88}.Debug|Any CPU.ActiveCfg = Debug|Any CPU
		{E92E4965-E4AA-44E5-81FB-16E6C42EBD88}.Debug|Any CPU.Build.0 = Debug|Any CPU
		{E92E4965-E4AA-44E5-81FB-16E6C42EBD88}.Release|Any CPU.ActiveCfg = Release|Any CPU
		{E92E4965-E4AA-44E5-81FB-16E6C42EBD88}.Release|Any CPU.Build.0 = Release|Any CPU
		{375C09AE-2627-4BE8-8C60-F934CB285098}.Debug|Any CPU.ActiveCfg = Debug|Any CPU
		{375C09AE-2627-4BE8-8C60-F934CB285098}.Debug|Any CPU.Build.0 = Debug|Any CPU
		{375C09AE-2627-4BE8-8C60-F934CB285098}.Release|Any CPU.ActiveCfg = Release|Any CPU
		{375C09AE-2627-4BE8-8C60-F934CB285098}.Release|Any CPU.Build.0 = Release|Any CPU
		{852BCA4D-82E6-49A7-A453-4A455757E55B}.Debug|Any CPU.ActiveCfg = Debug|Any CPU
		{852BCA4D-82E6-49A7-A453-4A455757E55B}.Debug|Any CPU.Build.0 = Debug|Any CPU
		{852BCA4D-82E6-49A7-A453-4A455757E55B}.Release|Any CPU.ActiveCfg = Release|Any CPU
		{852BCA4D-82E6-49A7-A453-4A455757E55B}.Release|Any CPU.Build.0 = Release|Any CPU
		{5020ED5F-983C-4C60-9454-133FAA567C66}.Debug|Any CPU.ActiveCfg = Debug|Any CPU
		{5020ED5F-983C-4C60-9454-133FAA567C66}.Debug|Any CPU.Build.0 = Debug|Any CPU
		{5020ED5F-983C-4C60-9454-133FAA567C66}.Release|Any CPU.ActiveCfg = Release|Any CPU
		{5020ED5F-983C-4C60-9454-133FAA567C66}.Release|Any CPU.Build.0 = Release|Any CPU
		{412B5ECE-B512-4513-AFD3-545267C6E761}.Debug|Any CPU.ActiveCfg = Debug|Any CPU
		{412B5ECE-B512-4513-AFD3-545267C6E761}.Debug|Any CPU.Build.0 = Debug|Any CPU
		{412B5ECE-B512-4513-AFD3-545267C6E761}.Release|Any CPU.ActiveCfg = Release|Any CPU
		{412B5ECE-B512-4513-AFD3-545267C6E761}.Release|Any CPU.Build.0 = Release|Any CPU
	EndGlobalSection
	GlobalSection(SolutionProperties) = preSolution
		HideSolutionNode = FALSE
	EndGlobalSection
EndGlobal
